// !$*UTF8*$!
{
	archiveVersion = 1;
	classes = {
	};
	objectVersion = 46;
	objects = {

/* Begin PBXBuildFile section */
		6A79C978198F8E0B00231C00 /* myTableViewController.swift in Sources */ = {isa = PBXBuildFile; fileRef = 6A79C977198F8E0B00231C00 /* myTableViewController.swift */; };
		6A79C97E198FA43C00231C00 /* Main.storyboard in Resources */ = {isa = PBXBuildFile; fileRef = 6A79C97C198FA43C00231C00 /* Main.storyboard */; };
		6A79C98E198FB4A300231C00 /* sad.m in Sources */ = {isa = PBXBuildFile; fileRef = 6A79C98D198FB4A300231C00 /* sad.m */; };
		6ACEE1FB1987ABBA0065D23D /* AppDelegate.swift in Sources */ = {isa = PBXBuildFile; fileRef = 6ACEE1FA1987ABBA0065D23D /* AppDelegate.swift */; };
		6ACEE1FD1987ABBA0065D23D /* ViewController.swift in Sources */ = {isa = PBXBuildFile; fileRef = 6ACEE1FC1987ABBA0065D23D /* ViewController.swift */; };
		6ACEE2021987ABBA0065D23D /* Images.xcassets in Resources */ = {isa = PBXBuildFile; fileRef = 6ACEE2011987ABBA0065D23D /* Images.xcassets */; };
		6ACEE20E1987ABBA0065D23D /* ChatClienTests.swift in Sources */ = {isa = PBXBuildFile; fileRef = 6ACEE20D1987ABBA0065D23D /* ChatClienTests.swift */; };
		6ACEE21E1987DDFD0065D23D /* ceva.xib in Resources */ = {isa = PBXBuildFile; fileRef = 6ACEE21D1987DDFD0065D23D /* ceva.xib */; };
		6ACEE2201987DE310065D23D /* ViewController2.swift in Sources */ = {isa = PBXBuildFile; fileRef = 6ACEE21F1987DE310065D23D /* ViewController2.swift */; };
/* End PBXBuildFile section */

/* Begin PBXContainerItemProxy section */
		6ACEE2081987ABBA0065D23D /* PBXContainerItemProxy */ = {
			isa = PBXContainerItemProxy;
			containerPortal = 6ACEE1ED1987ABBA0065D23D /* Project object */;
			proxyType = 1;
			remoteGlobalIDString = 6ACEE1F41987ABBA0065D23D;
			remoteInfo = ChatClien;
		};
/* End PBXContainerItemProxy section */

/* Begin PBXFileReference section */
		6A79C977198F8E0B00231C00 /* myTableViewController.swift */ = {isa = PBXFileReference; fileEncoding = 4; lastKnownFileType = sourcecode.swift; path = myTableViewController.swift; sourceTree = "<group>"; };
		6A79C97D198FA43C00231C00 /* Base */ = {isa = PBXFileReference; lastKnownFileType = file.storyboard; name = Base; path = Base.lproj/Main.storyboard; sourceTree = "<group>"; };
		6A79C98D198FB4A300231C00 /* sad.m */ = {isa = PBXFileReference; fileEncoding = 4; lastKnownFileType = sourcecode.c.objc; path = sad.m; sourceTree = "<group>"; };
		6A79C990198FB5CC00231C00 /* Smth.h */ = {isa = PBXFileReference; lastKnownFileType = sourcecode.c.h; path = Smth.h; sourceTree = "<group>"; };
		6A79C991198FB74F00231C00 /* ChatClien-Bridging-Header.h */ = {isa = PBXFileReference; lastKnownFileType = sourcecode.c.h; path = "ChatClien-Bridging-Header.h"; sourceTree = "<group>"; };
		6ACEE1F51987ABBA0065D23D /* ChatClien.app */ = {isa = PBXFileReference; explicitFileType = wrapper.application; includeInIndex = 0; path = ChatClien.app; sourceTree = BUILT_PRODUCTS_DIR; };
		6ACEE1F91987ABBA0065D23D /* Info.plist */ = {isa = PBXFileReference; lastKnownFileType = text.plist.xml; path = Info.plist; sourceTree = "<group>"; };
		6ACEE1FA1987ABBA0065D23D /* AppDelegate.swift */ = {isa = PBXFileReference; lastKnownFileType = sourcecode.swift; path = AppDelegate.swift; sourceTree = "<group>"; };
		6ACEE1FC1987ABBA0065D23D /* ViewController.swift */ = {isa = PBXFileReference; lastKnownFileType = sourcecode.swift; path = ViewController.swift; sourceTree = "<group>"; };
		6ACEE2011987ABBA0065D23D /* Images.xcassets */ = {isa = PBXFileReference; lastKnownFileType = folder.assetcatalog; path = Images.xcassets; sourceTree = "<group>"; };
		6ACEE2071987ABBA0065D23D /* ChatClienTests.xctest */ = {isa = PBXFileReference; explicitFileType = wrapper.cfbundle; includeInIndex = 0; path = ChatClienTests.xctest; sourceTree = BUILT_PRODUCTS_DIR; };
		6ACEE20C1987ABBA0065D23D /* Info.plist */ = {isa = PBXFileReference; lastKnownFileType = text.plist.xml; path = Info.plist; sourceTree = "<group>"; };
		6ACEE20D1987ABBA0065D23D /* ChatClienTests.swift */ = {isa = PBXFileReference; lastKnownFileType = sourcecode.swift; path = ChatClienTests.swift; sourceTree = "<group>"; };
		6ACEE21D1987DDFD0065D23D /* ceva.xib */ = {isa = PBXFileReference; fileEncoding = 4; lastKnownFileType = file.xib; path = ceva.xib; sourceTree = "<group>"; };
		6ACEE21F1987DE310065D23D /* ViewController2.swift */ = {isa = PBXFileReference; fileEncoding = 4; lastKnownFileType = sourcecode.swift; path = ViewController2.swift; sourceTree = "<group>"; };
/* End PBXFileReference section */

/* Begin PBXFrameworksBuildPhase section */
		6ACEE1F21987ABBA0065D23D /* Frameworks */ = {
			isa = PBXFrameworksBuildPhase;
			buildActionMask = 2147483647;
			files = (
			);
			runOnlyForDeploymentPostprocessing = 0;
		};
		6ACEE2041987ABBA0065D23D /* Frameworks */ = {
			isa = PBXFrameworksBuildPhase;
			buildActionMask = 2147483647;
			files = (
			);
			runOnlyForDeploymentPostprocessing = 0;
		};
/* End PBXFrameworksBuildPhase section */

/* Begin PBXGroup section */
		6ACEE1EC1987ABBA0065D23D = {
			isa = PBXGroup;
			children = (
				6ACEE1F71987ABBA0065D23D /* ChatClien */,
				6ACEE20A1987ABBA0065D23D /* ChatClienTests */,
				6ACEE1F61987ABBA0065D23D /* Products */,
			);
			sourceTree = "<group>";
		};
		6ACEE1F61987ABBA0065D23D /* Products */ = {
			isa = PBXGroup;
			children = (
				6ACEE1F51987ABBA0065D23D /* ChatClien.app */,
				6ACEE2071987ABBA0065D23D /* ChatClienTests.xctest */,
			);
			name = Products;
			sourceTree = "<group>";
		};
		6ACEE1F71987ABBA0065D23D /* ChatClien */ = {
			isa = PBXGroup;
			children = (
				6ACEE21F1987DE310065D23D /* ViewController2.swift */,
				6A79C977198F8E0B00231C00 /* myTableViewController.swift */,
				6A79C97C198FA43C00231C00 /* Main.storyboard */,
				6A79C991198FB74F00231C00 /* ChatClien-Bridging-Header.h */,
				6ACEE1FA1987ABBA0065D23D /* AppDelegate.swift */,
				6ACEE1FC1987ABBA0065D23D /* ViewController.swift */,
				6A79C98D198FB4A300231C00 /* sad.m */,
				6A79C990198FB5CC00231C00 /* Smth.h */,
				6ACEE2011987ABBA0065D23D /* Images.xcassets */,
				6ACEE1F81987ABBA0065D23D /* Supporting Files */,
				6ACEE21D1987DDFD0065D23D /* ceva.xib */,
			);
			path = ChatClien;
			sourceTree = "<group>";
		};
		6ACEE1F81987ABBA0065D23D /* Supporting Files */ = {
			isa = PBXGroup;
			children = (
				6ACEE1F91987ABBA0065D23D /* Info.plist */,
			);
			name = "Supporting Files";
			sourceTree = "<group>";
		};
		6ACEE20A1987ABBA0065D23D /* ChatClienTests */ = {
			isa = PBXGroup;
			children = (
				6ACEE20D1987ABBA0065D23D /* ChatClienTests.swift */,
				6ACEE20B1987ABBA0065D23D /* Supporting Files */,
			);
			path = ChatClienTests;
			sourceTree = "<group>";
		};
		6ACEE20B1987ABBA0065D23D /* Supporting Files */ = {
			isa = PBXGroup;
			children = (
				6ACEE20C1987ABBA0065D23D /* Info.plist */,
			);
			name = "Supporting Files";
			sourceTree = "<group>";
		};
/* End PBXGroup section */

/* Begin PBXNativeTarget section */
		6ACEE1F41987ABBA0065D23D /* ChatClien */ = {
			isa = PBXNativeTarget;
			buildConfigurationList = 6ACEE2111987ABBA0065D23D /* Build configuration list for PBXNativeTarget "ChatClien" */;
			buildPhases = (
				6ACEE1F11987ABBA0065D23D /* Sources */,
				6ACEE1F21987ABBA0065D23D /* Frameworks */,
				6ACEE1F31987ABBA0065D23D /* Resources */,
			);
			buildRules = (
			);
			dependencies = (
			);
			name = ChatClien;
			productName = ChatClien;
			productReference = 6ACEE1F51987ABBA0065D23D /* ChatClien.app */;
			productType = "com.apple.product-type.application";
		};
		6ACEE2061987ABBA0065D23D /* ChatClienTests */ = {
			isa = PBXNativeTarget;
			buildConfigurationList = 6ACEE2141987ABBA0065D23D /* Build configuration list for PBXNativeTarget "ChatClienTests" */;
			buildPhases = (
				6ACEE2031987ABBA0065D23D /* Sources */,
				6ACEE2041987ABBA0065D23D /* Frameworks */,
				6ACEE2051987ABBA0065D23D /* Resources */,
			);
			buildRules = (
			);
			dependencies = (
				6ACEE2091987ABBA0065D23D /* PBXTargetDependency */,
			);
			name = ChatClienTests;
			productName = ChatClienTests;
			productReference = 6ACEE2071987ABBA0065D23D /* ChatClienTests.xctest */;
			productType = "com.apple.product-type.bundle.unit-test";
		};
/* End PBXNativeTarget section */

/* Begin PBXProject section */
		6ACEE1ED1987ABBA0065D23D /* Project object */ = {
			isa = PBXProject;
			attributes = {
				LastUpgradeCheck = 0600;
				ORGANIZATIONNAME = meforme;
				TargetAttributes = {
					6ACEE1F41987ABBA0065D23D = {
						CreatedOnToolsVersion = 6.0;
					};
					6ACEE2061987ABBA0065D23D = {
						CreatedOnToolsVersion = 6.0;
						TestTargetID = 6ACEE1F41987ABBA0065D23D;
					};
				};
			};
			buildConfigurationList = 6ACEE1F01987ABBA0065D23D /* Build configuration list for PBXProject "ChatClien" */;
			compatibilityVersion = "Xcode 3.2";
			developmentRegion = English;
			hasScannedForEncodings = 0;
			knownRegions = (
				en,
				Base,
			);
			mainGroup = 6ACEE1EC1987ABBA0065D23D;
			productRefGroup = 6ACEE1F61987ABBA0065D23D /* Products */;
			projectDirPath = "";
			projectRoot = "";
			targets = (
				6ACEE1F41987ABBA0065D23D /* ChatClien */,
				6ACEE2061987ABBA0065D23D /* ChatClienTests */,
			);
		};
/* End PBXProject section */

/* Begin PBXResourcesBuildPhase section */
		6ACEE1F31987ABBA0065D23D /* Resources */ = {
			isa = PBXResourcesBuildPhase;
			buildActionMask = 2147483647;
			files = (
				6A79C97E198FA43C00231C00 /* Main.storyboard in Resources */,
				6ACEE21E1987DDFD0065D23D /* ceva.xib in Resources */,
				6ACEE2021987ABBA0065D23D /* Images.xcassets in Resources */,
			);
			runOnlyForDeploymentPostprocessing = 0;
		};
		6ACEE2051987ABBA0065D23D /* Resources */ = {
			isa = PBXResourcesBuildPhase;
			buildActionMask = 2147483647;
			files = (
			);
			runOnlyForDeploymentPostprocessing = 0;
		};
/* End PBXResourcesBuildPhase section */

/* Begin PBXSourcesBuildPhase section */
		6ACEE1F11987ABBA0065D23D /* Sources */ = {
			isa = PBXSourcesBuildPhase;
			buildActionMask = 2147483647;
			files = (
				6A79C98E198FB4A300231C00 /* sad.m in Sources */,
				6ACEE1FD1987ABBA0065D23D /* ViewController.swift in Sources */,
				6ACEE2201987DE310065D23D /* ViewController2.swift in Sources */,
				6ACEE1FB1987ABBA0065D23D /* AppDelegate.swift in Sources */,
				6A79C978198F8E0B00231C00 /* myTableViewController.swift in Sources */,
			);
			runOnlyForDeploymentPostprocessing = 0;
		};
		6ACEE2031987ABBA0065D23D /* Sources */ = {
			isa = PBXSourcesBuildPhase;
			buildActionMask = 2147483647;
			files = (
				6ACEE20E1987ABBA0065D23D /* ChatClienTests.swift in Sources */,
			);
			runOnlyForDeploymentPostprocessing = 0;
		};
/* End PBXSourcesBuildPhase section */

/* Begin PBXTargetDependency section */
		6ACEE2091987ABBA0065D23D /* PBXTargetDependency */ = {
			isa = PBXTargetDependency;
			target = 6ACEE1F41987ABBA0065D23D /* ChatClien */;
			targetProxy = 6ACEE2081987ABBA0065D23D /* PBXContainerItemProxy */;
		};
/* End PBXTargetDependency section */

/* Begin PBXVariantGroup section */
		6A79C97C198FA43C00231C00 /* Main.storyboard */ = {
			isa = PBXVariantGroup;
			children = (
				6A79C97D198FA43C00231C00 /* Base */,
			);
			name = Main.storyboard;
			sourceTree = "<group>";
		};
/* End PBXVariantGroup section */

/* Begin XCBuildConfiguration section */
		6ACEE20F1987ABBA0065D23D /* Debug */ = {
			isa = XCBuildConfiguration;
			buildSettings = {
				ALWAYS_SEARCH_USER_PATHS = NO;
				CLANG_CXX_LANGUAGE_STANDARD = "gnu++0x";
				CLANG_CXX_LIBRARY = "libc++";
				CLANG_ENABLE_MODULES = YES;
				CLANG_ENABLE_OBJC_ARC = YES;
				CLANG_WARN_BOOL_CONVERSION = YES;
				CLANG_WARN_CONSTANT_CONVERSION = YES;
				CLANG_WARN_DIRECT_OBJC_ISA_USAGE = YES_ERROR;
				CLANG_WARN_EMPTY_BODY = YES;
				CLANG_WARN_ENUM_CONVERSION = YES;
				CLANG_WARN_INT_CONVERSION = YES;
				CLANG_WARN_OBJC_ROOT_CLASS = YES_ERROR;
				CLANG_WARN_UNREACHABLE_CODE = YES;
				CLANG_WARN__DUPLICATE_METHOD_MATCH = YES;
				"CODE_SIGN_IDENTITY[sdk=iphoneos*]" = "iPhone Developer";
				COPY_PHASE_STRIP = NO;
				ENABLE_STRICT_OBJC_MSGSEND = YES;
				GCC_C_LANGUAGE_STANDARD = gnu99;
				GCC_DYNAMIC_NO_PIC = NO;
				GCC_OPTIMIZATION_LEVEL = 0;
				GCC_PREPROCESSOR_DEFINITIONS = (
					"DEBUG=1",
					"$(inherited)",
				);
				GCC_SYMBOLS_PRIVATE_EXTERN = NO;
				GCC_WARN_64_TO_32_BIT_CONVERSION = YES;
				GCC_WARN_ABOUT_RETURN_TYPE = YES_ERROR;
				GCC_WARN_UNDECLARED_SELECTOR = YES;
				GCC_WARN_UNINITIALIZED_AUTOS = YES_AGGRESSIVE;
				GCC_WARN_UNUSED_FUNCTION = YES;
				GCC_WARN_UNUSED_VARIABLE = YES;
				IPHONEOS_DEPLOYMENT_TARGET = 8.0;
				MTL_ENABLE_DEBUG_INFO = YES;
				ONLY_ACTIVE_ARCH = YES;
				SDKROOT = iphoneos;
				SWIFT_OPTIMIZATION_LEVEL = "-Onone";
			};
			name = Debug;
		};
		6ACEE2101987ABBA0065D23D /* Release */ = {
			isa = XCBuildConfiguration;
			buildSettings = {
				ALWAYS_SEARCH_USER_PATHS = NO;
				CLANG_CXX_LANGUAGE_STANDARD = "gnu++0x";
				CLANG_CXX_LIBRARY = "libc++";
				CLANG_ENABLE_MODULES = YES;
				CLANG_ENABLE_OBJC_ARC = YES;
				CLANG_WARN_BOOL_CONVERSION = YES;
				CLANG_WARN_CONSTANT_CONVERSION = YES;
				CLANG_WARN_DIRECT_OBJC_ISA_USAGE = YES_ERROR;
				CLANG_WARN_EMPTY_BODY = YES;
				CLANG_WARN_ENUM_CONVERSION = YES;
				CLANG_WARN_INT_CONVERSION = YES;
				CLANG_WARN_OBJC_ROOT_CLASS = YES_ERROR;
				CLANG_WARN_UNREACHABLE_CODE = YES;
				CLANG_WARN__DUPLICATE_METHOD_MATCH = YES;
				"CODE_SIGN_IDENTITY[sdk=iphoneos*]" = "iPhone Developer";
				COPY_PHASE_STRIP = YES;
				ENABLE_NS_ASSERTIONS = NO;
				ENABLE_STRICT_OBJC_MSGSEND = YES;
				GCC_C_LANGUAGE_STANDARD = gnu99;
				GCC_WARN_64_TO_32_BIT_CONVERSION = YES;
				GCC_WARN_ABOUT_RETURN_TYPE = YES_ERROR;
				GCC_WARN_UNDECLARED_SELECTOR = YES;
				GCC_WARN_UNINITIALIZED_AUTOS = YES_AGGRESSIVE;
				GCC_WARN_UNUSED_FUNCTION = YES;
				GCC_WARN_UNUSED_VARIABLE = YES;
				IPHONEOS_DEPLOYMENT_TARGET = 8.0;
				MTL_ENABLE_DEBUG_INFO = NO;
				SDKROOT = iphoneos;
				VALIDATE_PRODUCT = YES;
			};
			name = Release;
		};
		6ACEE2121987ABBA0065D23D /* Debug */ = {
			isa = XCBuildConfiguration;
			buildSettings = {
				ASSETCATALOG_COMPILER_APPICON_NAME = AppIcon;
				ASSETCATALOG_COMPILER_LAUNCHIMAGE_NAME = LaunchImage;
				CLANG_ENABLE_MODULES = YES;
				INFOPLIST_FILE = ChatClien/Info.plist;
				LD_RUNPATH_SEARCH_PATHS = "$(inherited) @executable_path/Frameworks";
				PRODUCT_NAME = "$(TARGET_NAME)";
				SWIFT_OBJC_BRIDGING_HEADER = "ChatClien/ChatClien-Bridging-Header.h";
				SWIFT_OPTIMIZATION_LEVEL = "-Onone";
			};
			name = Debug;
		};
		6ACEE2131987ABBA0065D23D /* Release */ = {
			isa = XCBuildConfiguration;
			buildSettings = {
				ASSETCATALOG_COMPILER_APPICON_NAME = AppIcon;
				ASSETCATALOG_COMPILER_LAUNCHIMAGE_NAME = LaunchImage;
				CLANG_ENABLE_MODULES = YES;
				INFOPLIST_FILE = ChatClien/Info.plist;
				LD_RUNPATH_SEARCH_PATHS = "$(inherited) @executable_path/Frameworks";
				PRODUCT_NAME = "$(TARGET_NAME)";
				SWIFT_OBJC_BRIDGING_HEADER = "ChatClien/ChatClien-Bridging-Header.h";
			};
			name = Release;
		};
		6ACEE2151987ABBA0065D23D /* Debug */ = {
			isa = XCBuildConfiguration;
			buildSettings = {
				BUNDLE_LOADER = "$(BUILT_PRODUCTS_DIR)/ChatClien.app/ChatClien";
				FRAMEWORK_SEARCH_PATHS = (
					"$(SDKROOT)/Developer/Library/Frameworks",
					"$(inherited)",
				);
				GCC_PREPROCESSOR_DEFINITIONS = (
					"DEBUG=1",
					"$(inherited)",
				);
				INFOPLIST_FILE = ChatClienTests/Info.plist;
				LD_RUNPATH_SEARCH_PATHS = "$(inherited) @executable_path/Frameworks @loader_path/Frameworks";
				PRODUCT_NAME = "$(TARGET_NAME)";
				TEST_HOST = "$(BUNDLE_LOADER)";
			};
			name = Debug;
		};
		6ACEE2161987ABBA0065D23D /* Release */ = {
			isa = XCBuildConfiguration;
			buildSettings = {
				BUNDLE_LOADER = "$(BUILT_PRODUCTS_DIR)/ChatClien.app/ChatClien";
				FRAMEWORK_SEARCH_PATHS = (
					"$(SDKROOT)/Developer/Library/Frameworks",
					"$(inherited)",
				);
				INFOPLIST_FILE = ChatClienTests/Info.plist;
				LD_RUNPATH_SEARCH_PATHS = "$(inherited) @executable_path/Frameworks @loader_path/Frameworks";
				PRODUCT_NAME = "$(TARGET_NAME)";
				TEST_HOST = "$(BUNDLE_LOADER)";
			};
			name = Release;
		};
/* End XCBuildConfiguration section */

/* Begin XCConfigurationList section */
		6ACEE1F01987ABBA0065D23D /* Build configuration list for PBXProject "ChatClien" */ = {
			isa = XCConfigurationList;
			buildConfigurations = (
				6ACEE20F1987ABBA0065D23D /* Debug */,
				6ACEE2101987ABBA0065D23D /* Release */,
			);
			defaultConfigurationIsVisible = 0;
			defaultConfigurationName = Release;
		};
		6ACEE2111987ABBA0065D23D /* Build configuration list for PBXNativeTarget "ChatClien" */ = {
			isa = XCConfigurationList;
			buildConfigurations = (
				6ACEE2121987ABBA0065D23D /* Debug */,
				6ACEE2131987ABBA0065D23D /* Release */,
			);
			defaultConfigurationIsVisible = 0;
			defaultConfigurationName = Release;
		};
		6ACEE2141987ABBA0065D23D /* Build configuration list for PBXNativeTarget "ChatClienTests" */ = {
			isa = XCConfigurationList;
			buildConfigurations = (
				6ACEE2151987ABBA0065D23D /* Debug */,
				6ACEE2161987ABBA0065D23D /* Release */,
			);
			defaultConfigurationIsVisible = 0;
			defaultConfigurationName = Release;
		};
/* End XCConfigurationList section */
	};
	rootObject = 6ACEE1ED1987ABBA0065D23D /* Project object */;
}
